// !$*UTF8*$!
{
	archiveVersion = 1;
	classes = {
	};
	objectVersion = 56;
	objects = {

/* Begin PBXFileReference section */
		21042B612B61FD420034EBF5 /* TDAppDelegate.m */ = {isa = PBXFileReference; fileEncoding = 4; lastKnownFileType = sourcecode.c.objc; path = TDAppDelegate.m; sourceTree = "<group>"; };
		21042B622B61FD420034EBF5 /* TDDumpDecrypted.m */ = {isa = PBXFileReference; fileEncoding = 4; lastKnownFileType = sourcecode.c.objc; path = TDDumpDecrypted.m; sourceTree = "<group>"; };
		21042B632B61FD430034EBF5 /* LSApplicationProxy+AltList.h */ = {isa = PBXFileReference; fileEncoding = 4; lastKnownFileType = sourcecode.c.h; path = "LSApplicationProxy+AltList.h"; sourceTree = "<group>"; };
		21042B642B61FD430034EBF5 /* Resources */ = {isa = PBXFileReference; lastKnownFileType = folder; path = Resources; sourceTree = "<group>"; };
		21042B652B61FD430034EBF5 /* SSZipArchive */ = {isa = PBXFileReference; lastKnownFileType = folder; path = SSZipArchive; sourceTree = "<group>"; };
		21042B662B61FD430034EBF5 /* entitlements.plist */ = {isa = PBXFileReference; fileEncoding = 4; lastKnownFileType = text.plist.xml; path = entitlements.plist; sourceTree = "<group>"; };
		21042B672B61FD430034EBF5 /* TDFileManagerViewController.h */ = {isa = PBXFileReference; fileEncoding = 4; lastKnownFileType = sourcecode.c.h; path = TDFileManagerViewController.h; sourceTree = "<group>"; };
		21042B682B61FD430034EBF5 /* TDRootViewController.m */ = {isa = PBXFileReference; fileEncoding = 4; lastKnownFileType = sourcecode.c.objc; path = TDRootViewController.m; sourceTree = "<group>"; };
		21042B692B61FD430034EBF5 /* TDRootViewController.h */ = {isa = PBXFileReference; fileEncoding = 4; lastKnownFileType = sourcecode.c.h; path = TDRootViewController.h; sourceTree = "<group>"; };
		21042B6A2B61FD430034EBF5 /* TDFileManagerViewController.m */ = {isa = PBXFileReference; fileEncoding = 4; lastKnownFileType = sourcecode.c.objc; path = TDFileManagerViewController.m; sourceTree = "<group>"; };
		21042B6B2B61FD430034EBF5 /* control */ = {isa = PBXFileReference; fileEncoding = 4; lastKnownFileType = text; path = control; sourceTree = "<group>"; };
		21042B6C2B61FD430034EBF5 /* Makefile */ = {isa = PBXFileReference; fileEncoding = 4; lastKnownFileType = sourcecode.make; path = Makefile; sourceTree = "<group>"; };
		21042B6D2B61FD430034EBF5 /* main.m */ = {isa = PBXFileReference; fileEncoding = 4; lastKnownFileType = sourcecode.c.objc; path = main.m; sourceTree = "<group>"; };
		21042B6E2B61FD430034EBF5 /* TDUtils.m */ = {isa = PBXFileReference; fileEncoding = 4; lastKnownFileType = sourcecode.c.objc; path = TDUtils.m; sourceTree = "<group>"; };
		21042B6F2B61FD430034EBF5 /* LSApplicationProxy+AltList.m */ = {isa = PBXFileReference; fileEncoding = 4; lastKnownFileType = sourcecode.c.objc; path = "LSApplicationProxy+AltList.m"; sourceTree = "<group>"; };
		21042B702B61FD430034EBF5 /* TDAppDelegate.h */ = {isa = PBXFileReference; fileEncoding = 4; lastKnownFileType = sourcecode.c.h; path = TDAppDelegate.h; sourceTree = "<group>"; };
		21042B712B61FD430034EBF5 /* TDDumpDecrypted.h */ = {isa = PBXFileReference; fileEncoding = 4; lastKnownFileType = sourcecode.c.h; path = TDDumpDecrypted.h; sourceTree = "<group>"; };
		21042B722B61FD430034EBF5 /* TDUtils.h */ = {isa = PBXFileReference; fileEncoding = 4; lastKnownFileType = sourcecode.c.h; path = TDUtils.h; sourceTree = "<group>"; };
/* End PBXFileReference section */

/* Begin PBXGroup section */
		21703B2B2B61FCA000473EBD = {
			isa = PBXGroup;
			children = (
				21042B6B2B61FD430034EBF5 /* control */,
				21042B662B61FD430034EBF5 /* entitlements.plist */,
				21042B632B61FD430034EBF5 /* LSApplicationProxy+AltList.h */,
				21042B6F2B61FD430034EBF5 /* LSApplicationProxy+AltList.m */,
				21042B6D2B61FD430034EBF5 /* main.m */,
				21042B6C2B61FD430034EBF5 /* Makefile */,
				21042B642B61FD430034EBF5 /* Resources */,
				21042B652B61FD430034EBF5 /* SSZipArchive */,
				21042B702B61FD430034EBF5 /* TDAppDelegate.h */,
				21042B612B61FD420034EBF5 /* TDAppDelegate.m */,
				21042B712B61FD430034EBF5 /* TDDumpDecrypted.h */,
				21042B622B61FD420034EBF5 /* TDDumpDecrypted.m */,
				21042B672B61FD430034EBF5 /* TDFileManagerViewController.h */,
				21042B6A2B61FD430034EBF5 /* TDFileManagerViewController.m */,
				21042B692B61FD430034EBF5 /* TDRootViewController.h */,
				21042B682B61FD430034EBF5 /* TDRootViewController.m */,
				21042B722B61FD430034EBF5 /* TDUtils.h */,
				21042B6E2B61FD430034EBF5 /* TDUtils.m */,
			);
			sourceTree = "<group>";
		};
/* End PBXGroup section */

/* Begin PBXLegacyTarget section */
		21703B302B61FCA000473EBD /* TrollDecryptXcode */ = {
			isa = PBXLegacyTarget;
			buildArgumentsString = "$(ACTION)";
			buildConfigurationList = 21703B332B61FCA000473EBD /* Build configuration list for PBXLegacyTarget "TrollDecryptXcode" */;
			buildPhases = (
			);
			buildToolPath = /usr/bin/make;
			dependencies = (
			);
			name = TrollDecryptXcode;
			passBuildSettingsInEnvironment = 1;
			productName = TrollDecryptXcode;
		};
/* End PBXLegacyTarget section */

/* Begin PBXProject section */
		21703B2C2B61FCA000473EBD /* Project object */ = {
			isa = PBXProject;
			attributes = {
				BuildIndependentTargetsInParallel = 1;
				LastUpgradeCheck = 1520;
				TargetAttributes = {
					21703B302B61FCA000473EBD = {
						CreatedOnToolsVersion = 15.2;
					};
				};
			};
			buildConfigurationList = 21703B2F2B61FCA000473EBD /* Build configuration list for PBXProject "TrollDecryptXcode" */;
			compatibilityVersion = "Xcode 14.0";
			developmentRegion = en;
			hasScannedForEncodings = 0;
			knownRegions = (
				en,
				Base,
			);
			mainGroup = 21703B2B2B61FCA000473EBD;
			projectDirPath = "";
			projectRoot = "";
			targets = (
				21703B302B61FCA000473EBD /* TrollDecryptXcode */,
			);
		};
/* End PBXProject section */

/* Begin XCBuildConfiguration section */
		21703B312B61FCA000473EBD /* Debug */ = {
			isa = XCBuildConfiguration;
			buildSettings = {
				ALWAYS_SEARCH_USER_PATHS = NO;
				ASSETCATALOG_COMPILER_GENERATE_SWIFT_ASSET_SYMBOL_EXTENSIONS = YES;
				CLANG_ANALYZER_NONNULL = YES;
				CLANG_ANALYZER_NUMBER_OBJECT_CONVERSION = YES_AGGRESSIVE;
				CLANG_CXX_LANGUAGE_STANDARD = "gnu++20";
				CLANG_ENABLE_MODULES = YES;
				CLANG_ENABLE_OBJC_ARC = YES;
				CLANG_ENABLE_OBJC_WEAK = YES;
				CLANG_WARN_BLOCK_CAPTURE_AUTORELEASING = YES;
				CLANG_WARN_BOOL_CONVERSION = YES;
				CLANG_WARN_COMMA = YES;
				CLANG_WARN_CONSTANT_CONVERSION = YES;
				CLANG_WARN_DEPRECATED_OBJC_IMPLEMENTATIONS = YES;
				CLANG_WARN_DIRECT_OBJC_ISA_USAGE = YES_ERROR;
				CLANG_WARN_DOCUMENTATION_COMMENTS = YES;
				CLANG_WARN_EMPTY_BODY = YES;
				CLANG_WARN_ENUM_CONVERSION = YES;
				CLANG_WARN_INFINITE_RECURSION = YES;
				CLANG_WARN_INT_CONVERSION = YES;
				CLANG_WARN_NON_LITERAL_NULL_CONVERSION = YES;
				CLANG_WARN_OBJC_IMPLICIT_RETAIN_SELF = YES;
				CLANG_WARN_OBJC_LITERAL_CONVERSION = YES;
				CLANG_WARN_OBJC_ROOT_CLASS = YES_ERROR;
				CLANG_WARN_QUOTED_INCLUDE_IN_FRAMEWORK_HEADER = YES;
				CLANG_WARN_RANGE_LOOP_ANALYSIS = YES;
				CLANG_WARN_STRICT_PROTOTYPES = YES;
				CLANG_WARN_SUSPICIOUS_MOVE = YES;
				CLANG_WARN_UNGUARDED_AVAILABILITY = YES_AGGRESSIVE;
				CLANG_WARN_UNREACHABLE_CODE = YES;
				CLANG_WARN__DUPLICATE_METHOD_MATCH = YES;
				COPY_PHASE_STRIP = NO;
				DEBUG_INFORMATION_FORMAT = dwarf;
				ENABLE_STRICT_OBJC_MSGSEND = YES;
				ENABLE_TESTABILITY = YES;
				ENABLE_USER_SCRIPT_SANDBOXING = YES;
				GCC_C_LANGUAGE_STANDARD = gnu17;
				GCC_DYNAMIC_NO_PIC = NO;
				GCC_NO_COMMON_BLOCKS = YES;
				GCC_OPTIMIZATION_LEVEL = 0;
				GCC_PREPROCESSOR_DEFINITIONS = (
					"DEBUG=1",
					"$(inherited)",
				);
				GCC_WARN_64_TO_32_BIT_CONVERSION = YES;
				GCC_WARN_ABOUT_RETURN_TYPE = YES_ERROR;
				GCC_WARN_UNDECLARED_SELECTOR = YES;
				GCC_WARN_UNINITIALIZED_AUTOS = YES_AGGRESSIVE;
				GCC_WARN_UNUSED_FUNCTION = YES;
				GCC_WARN_UNUSED_VARIABLE = YES;
				LOCALIZATION_PREFERS_STRING_CATALOGS = YES;
				MTL_ENABLE_DEBUG_INFO = INCLUDE_SOURCE;
				MTL_FAST_MATH = YES;
				ONLY_ACTIVE_ARCH = YES;
			};
			name = Debug;
		};
		21703B322B61FCA000473EBD /* Release */ = {
			isa = XCBuildConfiguration;
			buildSettings = {
				ALWAYS_SEARCH_USER_PATHS = NO;
				ASSETCATALOG_COMPILER_GENERATE_SWIFT_ASSET_SYMBOL_EXTENSIONS = YES;
				CLANG_ANALYZER_NONNULL = YES;
				CLANG_ANALYZER_NUMBER_OBJECT_CONVERSION = YES_AGGRESSIVE;
				CLANG_CXX_LANGUAGE_STANDARD = "gnu++20";
				CLANG_ENABLE_MODULES = YES;
				CLANG_ENABLE_OBJC_ARC = YES;
				CLANG_ENABLE_OBJC_WEAK = YES;
				CLANG_WARN_BLOCK_CAPTURE_AUTORELEASING = YES;
				CLANG_WARN_BOOL_CONVERSION = YES;
				CLANG_WARN_COMMA = YES;
				CLANG_WARN_CONSTANT_CONVERSION = YES;
				CLANG_WARN_DEPRECATED_OBJC_IMPLEMENTATIONS = YES;
				CLANG_WARN_DIRECT_OBJC_ISA_USAGE = YES_ERROR;
				CLANG_WARN_DOCUMENTATION_COMMENTS = YES;
				CLANG_WARN_EMPTY_BODY = YES;
				CLANG_WARN_ENUM_CONVERSION = YES;
				CLANG_WARN_INFINITE_RECURSION = YES;
				CLANG_WARN_INT_CONVERSION = YES;
				CLANG_WARN_NON_LITERAL_NULL_CONVERSION = YES;
				CLANG_WARN_OBJC_IMPLICIT_RETAIN_SELF = YES;
				CLANG_WARN_OBJC_LITERAL_CONVERSION = YES;
				CLANG_WARN_OBJC_ROOT_CLASS = YES_ERROR;
				CLANG_WARN_QUOTED_INCLUDE_IN_FRAMEWORK_HEADER = YES;
				CLANG_WARN_RANGE_LOOP_ANALYSIS = YES;
				CLANG_WARN_STRICT_PROTOTYPES = YES;
				CLANG_WARN_SUSPICIOUS_MOVE = YES;
				CLANG_WARN_UNGUARDED_AVAILABILITY = YES_AGGRESSIVE;
				CLANG_WARN_UNREACHABLE_CODE = YES;
				CLANG_WARN__DUPLICATE_METHOD_MATCH = YES;
				COPY_PHASE_STRIP = NO;
				DEBUG_INFORMATION_FORMAT = "dwarf-with-dsym";
				ENABLE_NS_ASSERTIONS = NO;
				ENABLE_STRICT_OBJC_MSGSEND = YES;
				ENABLE_USER_SCRIPT_SANDBOXING = YES;
				GCC_C_LANGUAGE_STANDARD = gnu17;
				GCC_NO_COMMON_BLOCKS = YES;
				GCC_WARN_64_TO_32_BIT_CONVERSION = YES;
				GCC_WARN_ABOUT_RETURN_TYPE = YES_ERROR;
				GCC_WARN_UNDECLARED_SELECTOR = YES;
				GCC_WARN_UNINITIALIZED_AUTOS = YES_AGGRESSIVE;
				GCC_WARN_UNUSED_FUNCTION = YES;
				GCC_WARN_UNUSED_VARIABLE = YES;
				LOCALIZATION_PREFERS_STRING_CATALOGS = YES;
				MTL_ENABLE_DEBUG_INFO = NO;
				MTL_FAST_MATH = YES;
			};
			name = Release;
		};
		21703B342B61FCA000473EBD /* Debug */ = {
			isa = XCBuildConfiguration;
			buildSettings = {
				CODE_SIGN_STYLE = Automatic;
				DEBUGGING_SYMBOLS = YES;
				DEBUG_INFORMATION_FORMAT = dwarf;
				DEVELOPMENT_TEAM = Q4J8HDK83K;
				GCC_GENERATE_DEBUGGING_SYMBOLS = YES;
				GCC_OPTIMIZATION_LEVEL = 0;
				OTHER_CFLAGS = "";
				OTHER_LDFLAGS = "";
				PRODUCT_NAME = "$(TARGET_NAME)";
				THEOS = /Users/lake/theos;
			};
			name = Debug;
		};
		21703B352B61FCA000473EBD /* Release */ = {
			isa = XCBuildConfiguration;
			buildSettings = {
				CODE_SIGN_STYLE = Automatic;
				DEBUG_INFORMATION_FORMAT = "dwarf-with-dsym";
				DEVELOPMENT_TEAM = Q4J8HDK83K;
				OTHER_CFLAGS = "";
				OTHER_LDFLAGS = "";
				PRODUCT_NAME = "$(TARGET_NAME)";
				THEOS = /Users/lake/theos;
			};
			name = Release;
		};
/* End XCBuildConfiguration section */

/* Begin XCConfigurationList section */
		21703B2F2B61FCA000473EBD /* Build configuration list for PBXProject "TrollDecryptXcode" */ = {
			isa = XCConfigurationList;
			buildConfigurations = (
				21703B312B61FCA000473EBD /* Debug */,
				21703B322B61FCA000473EBD /* Release */,
			);
			defaultConfigurationIsVisible = 0;
			defaultConfigurationName = Release;
		};
		21703B332B61FCA000473EBD /* Build configuration list for PBXLegacyTarget "TrollDecryptXcode" */ = {
			isa = XCConfigurationList;
			buildConfigurations = (
				21703B342B61FCA000473EBD /* Debug */,
				21703B352B61FCA000473EBD /* Release */,
			);
			defaultConfigurationIsVisible = 0;
			defaultConfigurationName = Release;
		};
/* End XCConfigurationList section */
	};
	rootObject = 21703B2C2B61FCA000473EBD /* Project object */;
}
